
Microsoft Visual Studio Solution File, Format Version 12.00
# Visual Studio 15
VisualStudioVersion = 15.0.27130.2024
MinimumVisualStudioVersion = 10.0.40219.1
Project("{D954291E-2A0B-460D-934E-DC6B0785DB48}") = "TAPPLICATION", "TAPPLICATION\TAPPLICATION.shproj", "{C43E2365-5678-4E72-A123-71383DE9B2DC}"
EndProject
Project("{D954291E-2A0B-460D-934E-DC6B0785DB48}") = "TLIB", "TLIB\TLIB.shproj", "{E3EB87FF-2421-48B9-BE86-A87E9CA0C533}"
EndProject
Global
	GlobalSection(SharedMSBuildProjectFiles) = preSolution
		TAPPLICATION\TAPPLICATION.projitems*{c43e2365-5678-4e72-a123-71383de9b2dc}*SharedItemsImports = 13
		TLIB\TLIB.projitems*{e3eb87ff-2421-48b9-be86-a87e9ca0c533}*SharedItemsImports = 13
	EndGlobalSection
	GlobalSection(SolutionConfigurationPlatforms) = preSolution
		Debug|Any CPU = Debug|Any CPU
		Debug|ARM = Debug|ARM
		Debug|x64 = Debug|x64
		Debug|x86 = Debug|x86
		Release|Any CPU = Release|Any CPU
		Release|ARM = Release|ARM
		Release|x64 = Release|x64
		Release|x86 = Release|x86
	EndGlobalSection
	GlobalSection(SolutionProperties) = preSolution
		HideSolutionNode = FALSE
	EndGlobalSection
	GlobalSection(ExtensibilityGlobals) = postSolution
		SolutionGuid = {3F262D85-C5C1-41FA-8297-D7DAEA14ACD2}
	EndGlobalSection
EndGlobal
