
Microsoft Visual Studio Solution File, Format Version 12.00
# Visual Studio 15
VisualStudioVersion = 15.0.27130.2024
MinimumVisualStudioVersion = 10.0.40219.1
Project("{D954291E-2A0B-460D-934E-DC6B0785DB48}") = "TAPPLICATION", "TAPPLICATION\TAPPLICATION.csproj", "{C43E2365-5678-4E72-A123-71383DE9B2DC}"
EndProject
Project("{9A19103F-16F7-4668-BE54-9A1E7A4F7556}") = "TLIB", "TLIB\TLIB.csproj", "{9265A8BC-CD26-451C-B44F-D266B15DDECE}"
EndProject
Project("{FAE04EC0-301F-11D3-BF4B-00C04F79EFBC}") = "TLIB_UWP", "TLIB_UWP\TLIB_UWP.csproj", "{C5730C21-1458-4107-A344-2937FAEB0247}"
EndProject
Project("{FAE04EC0-301F-11D3-BF4B-00C04F79EFBC}") = "TAPPLICATION_UWP", "TAPPLICATION_UWP\TAPPLICATION_UWP.csproj", "{97D66A85-F340-4678-AE0C-E7E996E748EE}"
EndProject
Project("{9A19103F-16F7-4668-BE54-9A1E7A4F7556}") = "TLIB_CORE", "TLIB_CORE\TLIB_CORE.csproj", "{0812FBC4-3B53-488C-B092-F44ACD48792A}"
EndProject
Project("{FAE04EC0-301F-11D3-BF4B-00C04F79EFBC}") = "TAPPLICATION_Droid", "TAPPLICATION_Droid\TAPPLICATION_Droid.csproj", "{1A198023-87B5-48A2-9B74-BF72579C5733}"
EndProject
Project("{FAE04EC0-301F-11D3-BF4B-00C04F79EFBC}") = "TAPPLICATION_Xamarin", "TAPPLICATION_Xamarin\TAPPLICATION_Xamarin.csproj", "{FD9A3FA6-B905-41CD-B181-6662CBEBA424}"
EndProject
Global
	GlobalSection(SharedMSBuildProjectFiles) = preSolution
		TAPPLICATION\TAPPLICATION.projitems*{c43e2365-5678-4e72-a123-71383de9b2dc}*SharedItemsImports = 13
	EndGlobalSection
	GlobalSection(SolutionConfigurationPlatforms) = preSolution
		Debug|Any CPU = Debug|Any CPU
		Debug|ARM = Debug|ARM
		Debug|x64 = Debug|x64
		Debug|x86 = Debug|x86
		Release|Any CPU = Release|Any CPU
		Release|ARM = Release|ARM
		Release|x64 = Release|x64
		Release|x86 = Release|x86
	EndGlobalSection
	GlobalSection(ProjectConfigurationPlatforms) = postSolution
		{C43E2365-5678-4E72-A123-71383DE9B2DC}.Debug|Any CPU.ActiveCfg = Debug|Any CPU
		{C43E2365-5678-4E72-A123-71383DE9B2DC}.Debug|Any CPU.Build.0 = Debug|Any CPU
		{C43E2365-5678-4E72-A123-71383DE9B2DC}.Debug|ARM.ActiveCfg = Debug|Any CPU
		{C43E2365-5678-4E72-A123-71383DE9B2DC}.Debug|ARM.Build.0 = Debug|Any CPU
		{C43E2365-5678-4E72-A123-71383DE9B2DC}.Debug|x64.ActiveCfg = Debug|Any CPU
		{C43E2365-5678-4E72-A123-71383DE9B2DC}.Debug|x64.Build.0 = Debug|Any CPU
		{C43E2365-5678-4E72-A123-71383DE9B2DC}.Debug|x86.ActiveCfg = Debug|Any CPU
		{C43E2365-5678-4E72-A123-71383DE9B2DC}.Debug|x86.Build.0 = Debug|Any CPU
		{C43E2365-5678-4E72-A123-71383DE9B2DC}.Release|Any CPU.ActiveCfg = Release|Any CPU
		{C43E2365-5678-4E72-A123-71383DE9B2DC}.Release|Any CPU.Build.0 = Release|Any CPU
		{C43E2365-5678-4E72-A123-71383DE9B2DC}.Release|ARM.ActiveCfg = Release|Any CPU
		{C43E2365-5678-4E72-A123-71383DE9B2DC}.Release|ARM.Build.0 = Release|Any CPU
		{C43E2365-5678-4E72-A123-71383DE9B2DC}.Release|x64.ActiveCfg = Release|Any CPU
		{C43E2365-5678-4E72-A123-71383DE9B2DC}.Release|x64.Build.0 = Release|Any CPU
		{C43E2365-5678-4E72-A123-71383DE9B2DC}.Release|x86.ActiveCfg = Release|Any CPU
		{C43E2365-5678-4E72-A123-71383DE9B2DC}.Release|x86.Build.0 = Release|Any CPU
		{9265A8BC-CD26-451C-B44F-D266B15DDECE}.Debug|Any CPU.ActiveCfg = Debug|Any CPU
		{9265A8BC-CD26-451C-B44F-D266B15DDECE}.Debug|Any CPU.Build.0 = Debug|Any CPU
		{9265A8BC-CD26-451C-B44F-D266B15DDECE}.Debug|ARM.ActiveCfg = Debug|Any CPU
		{9265A8BC-CD26-451C-B44F-D266B15DDECE}.Debug|ARM.Build.0 = Debug|Any CPU
		{9265A8BC-CD26-451C-B44F-D266B15DDECE}.Debug|x64.ActiveCfg = Debug|Any CPU
		{9265A8BC-CD26-451C-B44F-D266B15DDECE}.Debug|x64.Build.0 = Debug|Any CPU
		{9265A8BC-CD26-451C-B44F-D266B15DDECE}.Debug|x86.ActiveCfg = Debug|Any CPU
		{9265A8BC-CD26-451C-B44F-D266B15DDECE}.Debug|x86.Build.0 = Debug|Any CPU
		{9265A8BC-CD26-451C-B44F-D266B15DDECE}.Release|Any CPU.ActiveCfg = Release|Any CPU
		{9265A8BC-CD26-451C-B44F-D266B15DDECE}.Release|Any CPU.Build.0 = Release|Any CPU
		{9265A8BC-CD26-451C-B44F-D266B15DDECE}.Release|ARM.ActiveCfg = Release|Any CPU
		{9265A8BC-CD26-451C-B44F-D266B15DDECE}.Release|ARM.Build.0 = Release|Any CPU
		{9265A8BC-CD26-451C-B44F-D266B15DDECE}.Release|x64.ActiveCfg = Release|Any CPU
		{9265A8BC-CD26-451C-B44F-D266B15DDECE}.Release|x64.Build.0 = Release|Any CPU
		{9265A8BC-CD26-451C-B44F-D266B15DDECE}.Release|x86.ActiveCfg = Release|Any CPU
		{9265A8BC-CD26-451C-B44F-D266B15DDECE}.Release|x86.Build.0 = Release|Any CPU
		{C5730C21-1458-4107-A344-2937FAEB0247}.Debug|Any CPU.ActiveCfg = Debug|x86
		{C5730C21-1458-4107-A344-2937FAEB0247}.Debug|ARM.ActiveCfg = Debug|ARM
		{C5730C21-1458-4107-A344-2937FAEB0247}.Debug|ARM.Build.0 = Debug|ARM
		{C5730C21-1458-4107-A344-2937FAEB0247}.Debug|x64.ActiveCfg = Debug|x64
		{C5730C21-1458-4107-A344-2937FAEB0247}.Debug|x64.Build.0 = Debug|x64
		{C5730C21-1458-4107-A344-2937FAEB0247}.Debug|x86.ActiveCfg = Debug|x86
		{C5730C21-1458-4107-A344-2937FAEB0247}.Debug|x86.Build.0 = Debug|x86
		{C5730C21-1458-4107-A344-2937FAEB0247}.Release|Any CPU.ActiveCfg = Release|x64
		{C5730C21-1458-4107-A344-2937FAEB0247}.Release|Any CPU.Build.0 = Release|x64
		{C5730C21-1458-4107-A344-2937FAEB0247}.Release|ARM.ActiveCfg = Release|ARM
		{C5730C21-1458-4107-A344-2937FAEB0247}.Release|ARM.Build.0 = Release|ARM
		{C5730C21-1458-4107-A344-2937FAEB0247}.Release|x64.ActiveCfg = Release|x64
		{C5730C21-1458-4107-A344-2937FAEB0247}.Release|x64.Build.0 = Release|x64
		{C5730C21-1458-4107-A344-2937FAEB0247}.Release|x86.ActiveCfg = Release|x86
		{C5730C21-1458-4107-A344-2937FAEB0247}.Release|x86.Build.0 = Release|x86
		{97D66A85-F340-4678-AE0C-E7E996E748EE}.Debug|Any CPU.ActiveCfg = Debug|x86
		{97D66A85-F340-4678-AE0C-E7E996E748EE}.Debug|ARM.ActiveCfg = Debug|ARM
		{97D66A85-F340-4678-AE0C-E7E996E748EE}.Debug|ARM.Build.0 = Debug|ARM
		{97D66A85-F340-4678-AE0C-E7E996E748EE}.Debug|x64.ActiveCfg = Debug|x64
		{97D66A85-F340-4678-AE0C-E7E996E748EE}.Debug|x64.Build.0 = Debug|x64
		{97D66A85-F340-4678-AE0C-E7E996E748EE}.Debug|x86.ActiveCfg = Debug|x86
		{97D66A85-F340-4678-AE0C-E7E996E748EE}.Debug|x86.Build.0 = Debug|x86
		{97D66A85-F340-4678-AE0C-E7E996E748EE}.Release|Any CPU.ActiveCfg = Release|x64
		{97D66A85-F340-4678-AE0C-E7E996E748EE}.Release|Any CPU.Build.0 = Release|x64
		{97D66A85-F340-4678-AE0C-E7E996E748EE}.Release|ARM.ActiveCfg = Release|ARM
		{97D66A85-F340-4678-AE0C-E7E996E748EE}.Release|ARM.Build.0 = Release|ARM
		{97D66A85-F340-4678-AE0C-E7E996E748EE}.Release|x64.ActiveCfg = Release|x64
		{97D66A85-F340-4678-AE0C-E7E996E748EE}.Release|x64.Build.0 = Release|x64
		{97D66A85-F340-4678-AE0C-E7E996E748EE}.Release|x86.ActiveCfg = Release|x86
		{97D66A85-F340-4678-AE0C-E7E996E748EE}.Release|x86.Build.0 = Release|x86
		{0812FBC4-3B53-488C-B092-F44ACD48792A}.Debug|Any CPU.ActiveCfg = Debug|Any CPU
		{0812FBC4-3B53-488C-B092-F44ACD48792A}.Debug|Any CPU.Build.0 = Debug|Any CPU
		{0812FBC4-3B53-488C-B092-F44ACD48792A}.Debug|ARM.ActiveCfg = Debug|Any CPU
		{0812FBC4-3B53-488C-B092-F44ACD48792A}.Debug|ARM.Build.0 = Debug|Any CPU
		{0812FBC4-3B53-488C-B092-F44ACD48792A}.Debug|x64.ActiveCfg = Debug|Any CPU
		{0812FBC4-3B53-488C-B092-F44ACD48792A}.Debug|x64.Build.0 = Debug|Any CPU
		{0812FBC4-3B53-488C-B092-F44ACD48792A}.Debug|x86.ActiveCfg = Debug|Any CPU
		{0812FBC4-3B53-488C-B092-F44ACD48792A}.Debug|x86.Build.0 = Debug|Any CPU
		{0812FBC4-3B53-488C-B092-F44ACD48792A}.Release|Any CPU.ActiveCfg = Release|Any CPU
		{0812FBC4-3B53-488C-B092-F44ACD48792A}.Release|Any CPU.Build.0 = Release|Any CPU
		{0812FBC4-3B53-488C-B092-F44ACD48792A}.Release|ARM.ActiveCfg = Release|Any CPU
		{0812FBC4-3B53-488C-B092-F44ACD48792A}.Release|ARM.Build.0 = Release|Any CPU
		{0812FBC4-3B53-488C-B092-F44ACD48792A}.Release|x64.ActiveCfg = Release|Any CPU
		{0812FBC4-3B53-488C-B092-F44ACD48792A}.Release|x64.Build.0 = Release|Any CPU
		{0812FBC4-3B53-488C-B092-F44ACD48792A}.Release|x86.ActiveCfg = Release|Any CPU
		{0812FBC4-3B53-488C-B092-F44ACD48792A}.Release|x86.Build.0 = Release|Any CPU
		{1A198023-87B5-48A2-9B74-BF72579C5733}.Debug|Any CPU.ActiveCfg = Debug|Any CPU
		{1A198023-87B5-48A2-9B74-BF72579C5733}.Debug|Any CPU.Build.0 = Debug|Any CPU
		{1A198023-87B5-48A2-9B74-BF72579C5733}.Debug|ARM.ActiveCfg = Debug|Any CPU
		{1A198023-87B5-48A2-9B74-BF72579C5733}.Debug|ARM.Build.0 = Debug|Any CPU
		{1A198023-87B5-48A2-9B74-BF72579C5733}.Debug|x64.ActiveCfg = Debug|Any CPU
		{1A198023-87B5-48A2-9B74-BF72579C5733}.Debug|x64.Build.0 = Debug|Any CPU
		{1A198023-87B5-48A2-9B74-BF72579C5733}.Debug|x86.ActiveCfg = Debug|Any CPU
		{1A198023-87B5-48A2-9B74-BF72579C5733}.Debug|x86.Build.0 = Debug|Any CPU
		{1A198023-87B5-48A2-9B74-BF72579C5733}.Release|Any CPU.ActiveCfg = Release|Any CPU
		{1A198023-87B5-48A2-9B74-BF72579C5733}.Release|Any CPU.Build.0 = Release|Any CPU
		{1A198023-87B5-48A2-9B74-BF72579C5733}.Release|ARM.ActiveCfg = Release|Any CPU
		{1A198023-87B5-48A2-9B74-BF72579C5733}.Release|ARM.Build.0 = Release|Any CPU
		{1A198023-87B5-48A2-9B74-BF72579C5733}.Release|x64.ActiveCfg = Release|Any CPU
		{1A198023-87B5-48A2-9B74-BF72579C5733}.Release|x64.Build.0 = Release|Any CPU
		{1A198023-87B5-48A2-9B74-BF72579C5733}.Release|x86.ActiveCfg = Release|Any CPU
		{1A198023-87B5-48A2-9B74-BF72579C5733}.Release|x86.Build.0 = Release|Any CPU
		{FD9A3FA6-B905-41CD-B181-6662CBEBA424}.Debug|Any CPU.ActiveCfg = Debug|Any CPU
		{FD9A3FA6-B905-41CD-B181-6662CBEBA424}.Debug|Any CPU.Build.0 = Debug|Any CPU
		{FD9A3FA6-B905-41CD-B181-6662CBEBA424}.Debug|ARM.ActiveCfg = Debug|Any CPU
		{FD9A3FA6-B905-41CD-B181-6662CBEBA424}.Debug|ARM.Build.0 = Debug|Any CPU
		{FD9A3FA6-B905-41CD-B181-6662CBEBA424}.Debug|x64.ActiveCfg = Debug|Any CPU
		{FD9A3FA6-B905-41CD-B181-6662CBEBA424}.Debug|x64.Build.0 = Debug|Any CPU
		{FD9A3FA6-B905-41CD-B181-6662CBEBA424}.Debug|x86.ActiveCfg = Debug|Any CPU
		{FD9A3FA6-B905-41CD-B181-6662CBEBA424}.Debug|x86.Build.0 = Debug|Any CPU
		{FD9A3FA6-B905-41CD-B181-6662CBEBA424}.Release|Any CPU.ActiveCfg = Release|Any CPU
		{FD9A3FA6-B905-41CD-B181-6662CBEBA424}.Release|Any CPU.Build.0 = Release|Any CPU
		{FD9A3FA6-B905-41CD-B181-6662CBEBA424}.Release|ARM.ActiveCfg = Release|Any CPU
		{FD9A3FA6-B905-41CD-B181-6662CBEBA424}.Release|ARM.Build.0 = Release|Any CPU
		{FD9A3FA6-B905-41CD-B181-6662CBEBA424}.Release|x64.ActiveCfg = Release|Any CPU
		{FD9A3FA6-B905-41CD-B181-6662CBEBA424}.Release|x64.Build.0 = Release|Any CPU
		{FD9A3FA6-B905-41CD-B181-6662CBEBA424}.Release|x86.ActiveCfg = Release|Any CPU
		{FD9A3FA6-B905-41CD-B181-6662CBEBA424}.Release|x86.Build.0 = Release|Any CPU
	EndGlobalSection
	GlobalSection(SolutionProperties) = preSolution
		HideSolutionNode = FALSE
	EndGlobalSection
	GlobalSection(ExtensibilityGlobals) = postSolution
		SolutionGuid = {3F262D85-C5C1-41FA-8297-D7DAEA14ACD2}
	EndGlobalSection
EndGlobal
